// !$*UTF8*$!
{
	archiveVersion = 1;
	classes = {
	};
	objectVersion = 48;
	objects = {

/* Begin PBXBuildFile section */
		A019012120427C9400121A09 /* UIColor.swift in Sources */ = {isa = PBXBuildFile; fileRef = A019012020427C9400121A09 /* UIColor.swift */; };
		A032479920EDEB1A00325447 /* DataSourceTests.swift in Sources */ = {isa = PBXBuildFile; fileRef = A032479820EDEB1A00325447 /* DataSourceTests.swift */; };
		A040AED72035594200CB7CDA /* PlaygroundUtil.swift in Sources */ = {isa = PBXBuildFile; fileRef = A040AED62035594200CB7CDA /* PlaygroundUtil.swift */; };
		A060C1AD2032CF9A0044E83B /* TestViewController.swift in Sources */ = {isa = PBXBuildFile; fileRef = A060C1AC2032CF9A0044E83B /* TestViewController.swift */; };
		A060C1AF2032D0310044E83B /* Main.storyboard in Resources */ = {isa = PBXBuildFile; fileRef = A060C1AE2032D0310044E83B /* Main.storyboard */; };
		A060C1B22032D1BC0044E83B /* TableViewCellGettable.swift in Sources */ = {isa = PBXBuildFile; fileRef = A060C1B12032D1BC0044E83B /* TableViewCellGettable.swift */; };
		A060C1B42032D4CE0044E83B /* TestCell.xib in Resources */ = {isa = PBXBuildFile; fileRef = A060C1B32032D4CE0044E83B /* TestCell.xib */; };
		A060C1B62032D4F70044E83B /* TestCell.swift in Sources */ = {isa = PBXBuildFile; fileRef = A060C1B52032D4F70044E83B /* TestCell.swift */; };
		A068FC5E2032B6900028219F /* Snakepit.framework in Frameworks */ = {isa = PBXBuildFile; fileRef = A068FC542032B6900028219F /* Snakepit.framework */; };
		A068FC632032B6900028219F /* SnakepitTests.swift in Sources */ = {isa = PBXBuildFile; fileRef = A068FC622032B6900028219F /* SnakepitTests.swift */; };
		A068FC652032B6900028219F /* Slash.h in Headers */ = {isa = PBXBuildFile; fileRef = A068FC572032B6900028219F /* Slash.h */; settings = {ATTRIBUTES = (Public, ); }; };
		A068FC6F2032B6A40028219F /* StoryboardGettable.swift in Sources */ = {isa = PBXBuildFile; fileRef = A068FC6E2032B6A40028219F /* StoryboardGettable.swift */; };
		A079C86F20EB3292003685B5 /* DataSource.swift in Sources */ = {isa = PBXBuildFile; fileRef = A079C86E20EB3292003685B5 /* DataSource.swift */; };
		A096D56320F23631006D41EA /* ConfigurableCell.swift in Sources */ = {isa = PBXBuildFile; fileRef = A096D56220F23631006D41EA /* ConfigurableCell.swift */; };
		A0A0BFF5207C6EF4008C53AA /* Date.swift in Sources */ = {isa = PBXBuildFile; fileRef = A0A0BFF4207C6EF4008C53AA /* Date.swift */; };
		A0A4F9F32038FB1500673FBA /* AlertController.swift in Sources */ = {isa = PBXBuildFile; fileRef = A0A4F9F22038FB1500673FBA /* AlertController.swift */; };
		A0A4F9F620391D8E00673FBA /* SnakepitTableViewController.swift in Sources */ = {isa = PBXBuildFile; fileRef = A0A4F9F520391D8E00673FBA /* SnakepitTableViewController.swift */; };
		A0C0301A2041E6D6009BC3FD /* TargetAction.swift in Sources */ = {isa = PBXBuildFile; fileRef = A0C030192041E6D6009BC3FD /* TargetAction.swift */; };
		A0E2D12320CF875900BCBDD0 /* CollectionViewCellGettable.swift in Sources */ = {isa = PBXBuildFile; fileRef = A0E2D12220CF875900BCBDD0 /* CollectionViewCellGettable.swift */; };
		A0FB43E620425498006D1D48 /* UserDefaultsGettable.swift in Sources */ = {isa = PBXBuildFile; fileRef = A0FB43E520425498006D1D48 /* UserDefaultsGettable.swift */; };
		AE5AAA5120A614E6009A216B /* BlockchainLayout.swift in Sources */ = {isa = PBXBuildFile; fileRef = AE5AAA5020A614E6009A216B /* BlockchainLayout.swift */; };
		AE5AAA5320A61520009A216B /* WaterFallLayout.swift in Sources */ = {isa = PBXBuildFile; fileRef = AE5AAA5220A61520009A216B /* WaterFallLayout.swift */; };
		AE5AAA5F20A65BAC009A216B /* SnakepitNavigationViewController.swift in Sources */ = {isa = PBXBuildFile; fileRef = AE5AAA5E20A65BAC009A216B /* SnakepitNavigationViewController.swift */; };
/* End PBXBuildFile section */

/* Begin PBXContainerItemProxy section */
		A068FC5F2032B6900028219F /* PBXContainerItemProxy */ = {
			isa = PBXContainerItemProxy;
			containerPortal = A068FC4B2032B6900028219F /* Project object */;
			proxyType = 1;
			remoteGlobalIDString = A068FC532032B6900028219F;
			remoteInfo = Slash;
		};
/* End PBXContainerItemProxy section */

/* Begin PBXFileReference section */
		A019012020427C9400121A09 /* UIColor.swift */ = {isa = PBXFileReference; lastKnownFileType = sourcecode.swift; path = UIColor.swift; sourceTree = "<group>"; };
		A032479820EDEB1A00325447 /* DataSourceTests.swift */ = {isa = PBXFileReference; lastKnownFileType = sourcecode.swift; path = DataSourceTests.swift; sourceTree = "<group>"; };
		A040AED62035594200CB7CDA /* PlaygroundUtil.swift */ = {isa = PBXFileReference; lastKnownFileType = sourcecode.swift; path = PlaygroundUtil.swift; sourceTree = "<group>"; };
		A060C1AC2032CF9A0044E83B /* TestViewController.swift */ = {isa = PBXFileReference; lastKnownFileType = sourcecode.swift; path = TestViewController.swift; sourceTree = "<group>"; };
		A060C1AE2032D0310044E83B /* Main.storyboard */ = {isa = PBXFileReference; lastKnownFileType = file.storyboard; path = Main.storyboard; sourceTree = "<group>"; };
		A060C1B12032D1BC0044E83B /* TableViewCellGettable.swift */ = {isa = PBXFileReference; lastKnownFileType = sourcecode.swift; path = TableViewCellGettable.swift; sourceTree = "<group>"; };
		A060C1B32032D4CE0044E83B /* TestCell.xib */ = {isa = PBXFileReference; lastKnownFileType = file.xib; path = TestCell.xib; sourceTree = "<group>"; };
		A060C1B52032D4F70044E83B /* TestCell.swift */ = {isa = PBXFileReference; lastKnownFileType = sourcecode.swift; path = TestCell.swift; sourceTree = "<group>"; };
		A068FC542032B6900028219F /* Snakepit.framework */ = {isa = PBXFileReference; explicitFileType = wrapper.framework; includeInIndex = 0; path = Snakepit.framework; sourceTree = BUILT_PRODUCTS_DIR; };
		A068FC572032B6900028219F /* Slash.h */ = {isa = PBXFileReference; lastKnownFileType = sourcecode.c.h; path = Slash.h; sourceTree = "<group>"; };
		A068FC582032B6900028219F /* Info.plist */ = {isa = PBXFileReference; lastKnownFileType = text.plist.xml; path = Info.plist; sourceTree = "<group>"; };
		A068FC5D2032B6900028219F /* SnakepitTests.xctest */ = {isa = PBXFileReference; explicitFileType = wrapper.cfbundle; includeInIndex = 0; path = SnakepitTests.xctest; sourceTree = BUILT_PRODUCTS_DIR; };
		A068FC622032B6900028219F /* SnakepitTests.swift */ = {isa = PBXFileReference; lastKnownFileType = sourcecode.swift; path = SnakepitTests.swift; sourceTree = "<group>"; };
		A068FC642032B6900028219F /* Info.plist */ = {isa = PBXFileReference; lastKnownFileType = text.plist.xml; path = Info.plist; sourceTree = "<group>"; };
		A068FC6E2032B6A40028219F /* StoryboardGettable.swift */ = {isa = PBXFileReference; lastKnownFileType = sourcecode.swift; path = StoryboardGettable.swift; sourceTree = "<group>"; };
		A079C86E20EB3292003685B5 /* DataSource.swift */ = {isa = PBXFileReference; lastKnownFileType = sourcecode.swift; path = DataSource.swift; sourceTree = "<group>"; };
		A096D56220F23631006D41EA /* ConfigurableCell.swift */ = {isa = PBXFileReference; lastKnownFileType = sourcecode.swift; path = ConfigurableCell.swift; sourceTree = "<group>"; };
		A0A0BFF4207C6EF4008C53AA /* Date.swift */ = {isa = PBXFileReference; lastKnownFileType = sourcecode.swift; path = Date.swift; sourceTree = "<group>"; };
		A0A4F9F22038FB1500673FBA /* AlertController.swift */ = {isa = PBXFileReference; lastKnownFileType = sourcecode.swift; path = AlertController.swift; sourceTree = "<group>"; };
		A0A4F9F520391D8E00673FBA /* SnakepitTableViewController.swift */ = {isa = PBXFileReference; lastKnownFileType = sourcecode.swift; path = SnakepitTableViewController.swift; sourceTree = "<group>"; };
		A0C030192041E6D6009BC3FD /* TargetAction.swift */ = {isa = PBXFileReference; fileEncoding = 4; lastKnownFileType = sourcecode.swift; path = TargetAction.swift; sourceTree = "<group>"; };
		A0E2D12220CF875900BCBDD0 /* CollectionViewCellGettable.swift */ = {isa = PBXFileReference; lastKnownFileType = sourcecode.swift; path = CollectionViewCellGettable.swift; sourceTree = "<group>"; };
		A0FB43E520425498006D1D48 /* UserDefaultsGettable.swift */ = {isa = PBXFileReference; lastKnownFileType = sourcecode.swift; path = UserDefaultsGettable.swift; sourceTree = "<group>"; };
		AE5AAA5020A614E6009A216B /* BlockchainLayout.swift */ = {isa = PBXFileReference; lastKnownFileType = sourcecode.swift; path = BlockchainLayout.swift; sourceTree = "<group>"; };
		AE5AAA5220A61520009A216B /* WaterFallLayout.swift */ = {isa = PBXFileReference; lastKnownFileType = sourcecode.swift; path = WaterFallLayout.swift; sourceTree = "<group>"; };
		AE5AAA5E20A65BAC009A216B /* SnakepitNavigationViewController.swift */ = {isa = PBXFileReference; lastKnownFileType = sourcecode.swift; path = SnakepitNavigationViewController.swift; sourceTree = "<group>"; };
/* End PBXFileReference section */

/* Begin PBXFrameworksBuildPhase section */
		A068FC502032B6900028219F /* Frameworks */ = {
			isa = PBXFrameworksBuildPhase;
			buildActionMask = 2147483647;
			files = (
			);
			runOnlyForDeploymentPostprocessing = 0;
		};
		A068FC5A2032B6900028219F /* Frameworks */ = {
			isa = PBXFrameworksBuildPhase;
			buildActionMask = 2147483647;
			files = (
				A068FC5E2032B6900028219F /* Snakepit.framework in Frameworks */,
			);
			runOnlyForDeploymentPostprocessing = 0;
		};
/* End PBXFrameworksBuildPhase section */

/* Begin PBXGroup section */
		A060C1B02032D06B0044E83B /* Storyboard */ = {
			isa = PBXGroup;
			children = (
				A060C1AC2032CF9A0044E83B /* TestViewController.swift */,
				A060C1AE2032D0310044E83B /* Main.storyboard */,
				A060C1B32032D4CE0044E83B /* TestCell.xib */,
				A060C1B52032D4F70044E83B /* TestCell.swift */,
			);
			path = Storyboard;
			sourceTree = "<group>";
		};
		A068FC4A2032B6900028219F = {
			isa = PBXGroup;
			children = (
				A068FC562032B6900028219F /* Snakepit */,
				A068FC612032B6900028219F /* SnakepitTests */,
				A068FC552032B6900028219F /* Products */,
			);
			sourceTree = "<group>";
		};
		A068FC552032B6900028219F /* Products */ = {
			isa = PBXGroup;
			children = (
				A068FC542032B6900028219F /* Snakepit.framework */,
				A068FC5D2032B6900028219F /* SnakepitTests.xctest */,
			);
			name = Products;
			sourceTree = "<group>";
		};
		A068FC562032B6900028219F /* Snakepit */ = {
			isa = PBXGroup;
			children = (
				A068FC572032B6900028219F /* Slash.h */,
				A068FC582032B6900028219F /* Info.plist */,
				A019012020427C9400121A09 /* UIColor.swift */,
				A0C030192041E6D6009BC3FD /* TargetAction.swift */,
				A0FB43E520425498006D1D48 /* UserDefaultsGettable.swift */,
				A0A4F9F22038FB1500673FBA /* AlertController.swift */,
				AE5AAA5020A614E6009A216B /* BlockchainLayout.swift */,
				AE5AAA5220A61520009A216B /* WaterFallLayout.swift */,
				A068FC6E2032B6A40028219F /* StoryboardGettable.swift */,
				A060C1B12032D1BC0044E83B /* TableViewCellGettable.swift */,
				A0E2D12220CF875900BCBDD0 /* CollectionViewCellGettable.swift */,
				A040AED62035594200CB7CDA /* PlaygroundUtil.swift */,
				A0A4F9F520391D8E00673FBA /* SnakepitTableViewController.swift */,
				A0A0BFF4207C6EF4008C53AA /* Date.swift */,
				AE5AAA5E20A65BAC009A216B /* SnakepitNavigationViewController.swift */,
				A079C86E20EB3292003685B5 /* DataSource.swift */,
				A096D56220F23631006D41EA /* ConfigurableCell.swift */,
			);
			path = Snakepit;
			sourceTree = "<group>";
		};
		A068FC612032B6900028219F /* SnakepitTests */ = {
			isa = PBXGroup;
			children = (
				A032479820EDEB1A00325447 /* DataSourceTests.swift */,
				A060C1B02032D06B0044E83B /* Storyboard */,
				A068FC622032B6900028219F /* SnakepitTests.swift */,
				A068FC642032B6900028219F /* Info.plist */,
			);
			path = SnakepitTests;
			sourceTree = "<group>";
		};
/* End PBXGroup section */

/* Begin PBXHeadersBuildPhase section */
		A068FC512032B6900028219F /* Headers */ = {
			isa = PBXHeadersBuildPhase;
			buildActionMask = 2147483647;
			files = (
				A068FC652032B6900028219F /* Slash.h in Headers */,
			);
			runOnlyForDeploymentPostprocessing = 0;
		};
/* End PBXHeadersBuildPhase section */

/* Begin PBXNativeTarget section */
		A068FC532032B6900028219F /* Snakepit */ = {
			isa = PBXNativeTarget;
			buildConfigurationList = A068FC682032B6910028219F /* Build configuration list for PBXNativeTarget "Snakepit" */;
			buildPhases = (
				A068FC4F2032B6900028219F /* Sources */,
				A068FC502032B6900028219F /* Frameworks */,
				A068FC512032B6900028219F /* Headers */,
				A068FC522032B6900028219F /* Resources */,
				A051A96120357DA900CAB7F7 /* Swift Lint */,
			);
			buildRules = (
			);
			dependencies = (
			);
			name = Snakepit;
			productName = Slash;
			productReference = A068FC542032B6900028219F /* Snakepit.framework */;
			productType = "com.apple.product-type.framework";
		};
		A068FC5C2032B6900028219F /* SnakepitTests */ = {
			isa = PBXNativeTarget;
			buildConfigurationList = A068FC6B2032B6910028219F /* Build configuration list for PBXNativeTarget "SnakepitTests" */;
			buildPhases = (
				A068FC592032B6900028219F /* Sources */,
				A068FC5A2032B6900028219F /* Frameworks */,
				A068FC5B2032B6900028219F /* Resources */,
			);
			buildRules = (
			);
			dependencies = (
				A068FC602032B6900028219F /* PBXTargetDependency */,
			);
			name = SnakepitTests;
			productName = SlashTests;
			productReference = A068FC5D2032B6900028219F /* SnakepitTests.xctest */;
			productType = "com.apple.product-type.bundle.unit-test";
		};
/* End PBXNativeTarget section */

/* Begin PBXProject section */
		A068FC4B2032B6900028219F /* Project object */ = {
			isa = PBXProject;
			attributes = {
				LastSwiftUpdateCheck = 0920;
				LastUpgradeCheck = 1240;
				ORGANIZATIONNAME = x52;
				TargetAttributes = {
					A068FC532032B6900028219F = {
						CreatedOnToolsVersion = 9.2;
						LastSwiftMigration = 1240;
						ProvisioningStyle = Automatic;
					};
					A068FC5C2032B6900028219F = {
						CreatedOnToolsVersion = 9.2;
						LastSwiftMigration = 1240;
						ProvisioningStyle = Automatic;
					};
				};
			};
			buildConfigurationList = A068FC4E2032B6900028219F /* Build configuration list for PBXProject "Snakepit" */;
			compatibilityVersion = "Xcode 8.0";
			developmentRegion = en;
			hasScannedForEncodings = 0;
			knownRegions = (
				en,
				Base,
			);
			mainGroup = A068FC4A2032B6900028219F;
			productRefGroup = A068FC552032B6900028219F /* Products */;
			projectDirPath = "";
			projectRoot = "";
			targets = (
				A068FC532032B6900028219F /* Snakepit */,
				A068FC5C2032B6900028219F /* SnakepitTests */,
			);
		};
/* End PBXProject section */

/* Begin PBXResourcesBuildPhase section */
		A068FC522032B6900028219F /* Resources */ = {
			isa = PBXResourcesBuildPhase;
			buildActionMask = 2147483647;
			files = (
			);
			runOnlyForDeploymentPostprocessing = 0;
		};
		A068FC5B2032B6900028219F /* Resources */ = {
			isa = PBXResourcesBuildPhase;
			buildActionMask = 2147483647;
			files = (
				A060C1AF2032D0310044E83B /* Main.storyboard in Resources */,
				A060C1B42032D4CE0044E83B /* TestCell.xib in Resources */,
			);
			runOnlyForDeploymentPostprocessing = 0;
		};
/* End PBXResourcesBuildPhase section */

/* Begin PBXShellScriptBuildPhase section */
		A051A96120357DA900CAB7F7 /* Swift Lint */ = {
			isa = PBXShellScriptBuildPhase;
			buildActionMask = 2147483647;
			files = (
			);
			inputPaths = (
			);
			name = "Swift Lint";
			outputPaths = (
			);
			runOnlyForDeploymentPostprocessing = 0;
			shellPath = /bin/sh;
			shellScript = "if which swiftlint >/dev/null; then\nswiftlint\nelse\necho \"warning: SwiftLint not installed, download from https://github.com/realm/SwiftLint\"\nfi";
		};
/* End PBXShellScriptBuildPhase section */

/* Begin PBXSourcesBuildPhase section */
		A068FC4F2032B6900028219F /* Sources */ = {
			isa = PBXSourcesBuildPhase;
			buildActionMask = 2147483647;
			files = (
				A0A0BFF5207C6EF4008C53AA /* Date.swift in Sources */,
				AE5AAA5320A61520009A216B /* WaterFallLayout.swift in Sources */,
				AE5AAA5F20A65BAC009A216B /* SnakepitNavigationViewController.swift in Sources */,
				A0A4F9F620391D8E00673FBA /* SnakepitTableViewController.swift in Sources */,
				A0FB43E620425498006D1D48 /* UserDefaultsGettable.swift in Sources */,
				AE5AAA5120A614E6009A216B /* BlockchainLayout.swift in Sources */,
				A0A4F9F32038FB1500673FBA /* AlertController.swift in Sources */,
				A0C0301A2041E6D6009BC3FD /* TargetAction.swift in Sources */,
				A068FC6F2032B6A40028219F /* StoryboardGettable.swift in Sources */,
				A096D56320F23631006D41EA /* ConfigurableCell.swift in Sources */,
				A019012120427C9400121A09 /* UIColor.swift in Sources */,
				A0E2D12320CF875900BCBDD0 /* CollectionViewCellGettable.swift in Sources */,
				A079C86F20EB3292003685B5 /* DataSource.swift in Sources */,
				A060C1B22032D1BC0044E83B /* TableViewCellGettable.swift in Sources */,
				A040AED72035594200CB7CDA /* PlaygroundUtil.swift in Sources */,
			);
			runOnlyForDeploymentPostprocessing = 0;
		};
		A068FC592032B6900028219F /* Sources */ = {
			isa = PBXSourcesBuildPhase;
			buildActionMask = 2147483647;
			files = (
				A060C1B62032D4F70044E83B /* TestCell.swift in Sources */,
				A060C1AD2032CF9A0044E83B /* TestViewController.swift in Sources */,
				A032479920EDEB1A00325447 /* DataSourceTests.swift in Sources */,
				A068FC632032B6900028219F /* SnakepitTests.swift in Sources */,
			);
			runOnlyForDeploymentPostprocessing = 0;
		};
/* End PBXSourcesBuildPhase section */

/* Begin PBXTargetDependency section */
		A068FC602032B6900028219F /* PBXTargetDependency */ = {
			isa = PBXTargetDependency;
			target = A068FC532032B6900028219F /* Snakepit */;
			targetProxy = A068FC5F2032B6900028219F /* PBXContainerItemProxy */;
		};
/* End PBXTargetDependency section */

/* Begin XCBuildConfiguration section */
		A068FC662032B6900028219F /* Debug */ = {
			isa = XCBuildConfiguration;
			buildSettings = {
				ALWAYS_SEARCH_USER_PATHS = NO;
				CLANG_ANALYZER_NONNULL = YES;
				CLANG_ANALYZER_NUMBER_OBJECT_CONVERSION = YES_AGGRESSIVE;
				CLANG_CXX_LANGUAGE_STANDARD = "gnu++14";
				CLANG_CXX_LIBRARY = "libc++";
				CLANG_ENABLE_MODULES = YES;
				CLANG_ENABLE_OBJC_ARC = YES;
				CLANG_WARN_BLOCK_CAPTURE_AUTORELEASING = YES;
				CLANG_WARN_BOOL_CONVERSION = YES;
				CLANG_WARN_COMMA = YES;
				CLANG_WARN_CONSTANT_CONVERSION = YES;
				CLANG_WARN_DEPRECATED_OBJC_IMPLEMENTATIONS = YES;
				CLANG_WARN_DIRECT_OBJC_ISA_USAGE = YES_ERROR;
				CLANG_WARN_DOCUMENTATION_COMMENTS = YES;
				CLANG_WARN_EMPTY_BODY = YES;
				CLANG_WARN_ENUM_CONVERSION = YES;
				CLANG_WARN_INFINITE_RECURSION = YES;
				CLANG_WARN_INT_CONVERSION = YES;
				CLANG_WARN_NON_LITERAL_NULL_CONVERSION = YES;
				CLANG_WARN_OBJC_IMPLICIT_RETAIN_SELF = YES;
				CLANG_WARN_OBJC_LITERAL_CONVERSION = YES;
				CLANG_WARN_OBJC_ROOT_CLASS = YES_ERROR;
				CLANG_WARN_QUOTED_INCLUDE_IN_FRAMEWORK_HEADER = YES;
				CLANG_WARN_RANGE_LOOP_ANALYSIS = YES;
				CLANG_WARN_STRICT_PROTOTYPES = YES;
				CLANG_WARN_SUSPICIOUS_MOVE = YES;
				CLANG_WARN_UNGUARDED_AVAILABILITY = YES_AGGRESSIVE;
				CLANG_WARN_UNREACHABLE_CODE = YES;
				CLANG_WARN__DUPLICATE_METHOD_MATCH = YES;
				CODE_SIGN_IDENTITY = "iPhone Developer";
				COPY_PHASE_STRIP = NO;
				CURRENT_PROJECT_VERSION = 1;
				DEBUG_INFORMATION_FORMAT = dwarf;
				ENABLE_STRICT_OBJC_MSGSEND = YES;
				ENABLE_TESTABILITY = YES;
				GCC_C_LANGUAGE_STANDARD = gnu11;
				GCC_DYNAMIC_NO_PIC = NO;
				GCC_NO_COMMON_BLOCKS = YES;
				GCC_OPTIMIZATION_LEVEL = 0;
				GCC_PREPROCESSOR_DEFINITIONS = (
					"DEBUG=1",
					"$(inherited)",
				);
				GCC_WARN_64_TO_32_BIT_CONVERSION = YES;
				GCC_WARN_ABOUT_RETURN_TYPE = YES_ERROR;
				GCC_WARN_UNDECLARED_SELECTOR = YES;
				GCC_WARN_UNINITIALIZED_AUTOS = YES_AGGRESSIVE;
				GCC_WARN_UNUSED_FUNCTION = YES;
				GCC_WARN_UNUSED_VARIABLE = YES;
				IPHONEOS_DEPLOYMENT_TARGET = 12.0;
				MTL_ENABLE_DEBUG_INFO = YES;
				ONLY_ACTIVE_ARCH = YES;
				SDKROOT = iphoneos;
				SWIFT_ACTIVE_COMPILATION_CONDITIONS = DEBUG;
				SWIFT_OPTIMIZATION_LEVEL = "-Onone";
				SWIFT_VERSION = 4.0;
				VERSIONING_SYSTEM = "apple-generic";
				VERSION_INFO_PREFIX = "";
			};
			name = Debug;
		};
		A068FC672032B6900028219F /* Release */ = {
			isa = XCBuildConfiguration;
			buildSettings = {
				ALWAYS_SEARCH_USER_PATHS = NO;
				CLANG_ANALYZER_NONNULL = YES;
				CLANG_ANALYZER_NUMBER_OBJECT_CONVERSION = YES_AGGRESSIVE;
				CLANG_CXX_LANGUAGE_STANDARD = "gnu++14";
				CLANG_CXX_LIBRARY = "libc++";
				CLANG_ENABLE_MODULES = YES;
				CLANG_ENABLE_OBJC_ARC = YES;
				CLANG_WARN_BLOCK_CAPTURE_AUTORELEASING = YES;
				CLANG_WARN_BOOL_CONVERSION = YES;
				CLANG_WARN_COMMA = YES;
				CLANG_WARN_CONSTANT_CONVERSION = YES;
				CLANG_WARN_DEPRECATED_OBJC_IMPLEMENTATIONS = YES;
				CLANG_WARN_DIRECT_OBJC_ISA_USAGE = YES_ERROR;
				CLANG_WARN_DOCUMENTATION_COMMENTS = YES;
				CLANG_WARN_EMPTY_BODY = YES;
				CLANG_WARN_ENUM_CONVERSION = YES;
				CLANG_WARN_INFINITE_RECURSION = YES;
				CLANG_WARN_INT_CONVERSION = YES;
				CLANG_WARN_NON_LITERAL_NULL_CONVERSION = YES;
				CLANG_WARN_OBJC_IMPLICIT_RETAIN_SELF = YES;
				CLANG_WARN_OBJC_LITERAL_CONVERSION = YES;
				CLANG_WARN_OBJC_ROOT_CLASS = YES_ERROR;
				CLANG_WARN_QUOTED_INCLUDE_IN_FRAMEWORK_HEADER = YES;
				CLANG_WARN_RANGE_LOOP_ANALYSIS = YES;
				CLANG_WARN_STRICT_PROTOTYPES = YES;
				CLANG_WARN_SUSPICIOUS_MOVE = YES;
				CLANG_WARN_UNGUARDED_AVAILABILITY = YES_AGGRESSIVE;
				CLANG_WARN_UNREACHABLE_CODE = YES;
				CLANG_WARN__DUPLICATE_METHOD_MATCH = YES;
				CODE_SIGN_IDENTITY = "iPhone Developer";
				COPY_PHASE_STRIP = NO;
				CURRENT_PROJECT_VERSION = 1;
				DEBUG_INFORMATION_FORMAT = "dwarf-with-dsym";
				ENABLE_NS_ASSERTIONS = NO;
				ENABLE_STRICT_OBJC_MSGSEND = YES;
				GCC_C_LANGUAGE_STANDARD = gnu11;
				GCC_NO_COMMON_BLOCKS = YES;
				GCC_WARN_64_TO_32_BIT_CONVERSION = YES;
				GCC_WARN_ABOUT_RETURN_TYPE = YES_ERROR;
				GCC_WARN_UNDECLARED_SELECTOR = YES;
				GCC_WARN_UNINITIALIZED_AUTOS = YES_AGGRESSIVE;
				GCC_WARN_UNUSED_FUNCTION = YES;
				GCC_WARN_UNUSED_VARIABLE = YES;
				IPHONEOS_DEPLOYMENT_TARGET = 12.0;
				MTL_ENABLE_DEBUG_INFO = NO;
				SDKROOT = iphoneos;
				SWIFT_OPTIMIZATION_LEVEL = "-Owholemodule";
				SWIFT_VERSION = 4.0;
				VALIDATE_PRODUCT = YES;
				VERSIONING_SYSTEM = "apple-generic";
				VERSION_INFO_PREFIX = "";
			};
			name = Release;
		};
		A068FC692032B6910028219F /* Debug */ = {
			isa = XCBuildConfiguration;
			buildSettings = {
				CLANG_ENABLE_MODULES = YES;
				CODE_SIGN_IDENTITY = "";
				CODE_SIGN_STYLE = Automatic;
				DEFINES_MODULE = YES;
				DEVELOPMENT_TEAM = 5Z63N39FV7;
				DYLIB_COMPATIBILITY_VERSION = 1;
				DYLIB_CURRENT_VERSION = 1;
				DYLIB_INSTALL_NAME_BASE = "@rpath";
				INFOPLIST_FILE = Snakepit/Info.plist;
				INSTALL_PATH = "$(LOCAL_LIBRARY_DIR)/Frameworks";
				IPHONEOS_DEPLOYMENT_TARGET = 12.0;
				LD_RUNPATH_SEARCH_PATHS = "$(inherited) @executable_path/Frameworks @loader_path/Frameworks";
				PRODUCT_BUNDLE_IDENTIFIER = com.x52.Slash;
				PRODUCT_NAME = "$(TARGET_NAME:c99extidentifier)";
				SKIP_INSTALL = YES;
				SWIFT_OPTIMIZATION_LEVEL = "-Onone";
				SWIFT_VERSION = 5.0;
				TARGETED_DEVICE_FAMILY = "1,2";
			};
			name = Debug;
		};
		A068FC6A2032B6910028219F /* Release */ = {
			isa = XCBuildConfiguration;
			buildSettings = {
				CLANG_ENABLE_MODULES = YES;
				CODE_SIGN_IDENTITY = "";
				CODE_SIGN_STYLE = Automatic;
				DEFINES_MODULE = YES;
				DEVELOPMENT_TEAM = 5Z63N39FV7;
				DYLIB_COMPATIBILITY_VERSION = 1;
				DYLIB_CURRENT_VERSION = 1;
				DYLIB_INSTALL_NAME_BASE = "@rpath";
				INFOPLIST_FILE = Snakepit/Info.plist;
				INSTALL_PATH = "$(LOCAL_LIBRARY_DIR)/Frameworks";
				IPHONEOS_DEPLOYMENT_TARGET = 12.0;
				LD_RUNPATH_SEARCH_PATHS = "$(inherited) @executable_path/Frameworks @loader_path/Frameworks";
				PRODUCT_BUNDLE_IDENTIFIER = com.x52.Slash;
				PRODUCT_NAME = "$(TARGET_NAME:c99extidentifier)";
				SKIP_INSTALL = YES;
				SWIFT_VERSION = 5.0;
				TARGETED_DEVICE_FAMILY = "1,2";
			};
			name = Release;
		};
		A068FC6C2032B6910028219F /* Debug */ = {
			isa = XCBuildConfiguration;
			buildSettings = {
				ALWAYS_EMBED_SWIFT_STANDARD_LIBRARIES = YES;
				CODE_SIGN_STYLE = Automatic;
				DEVELOPMENT_TEAM = 5Z63N39FV7;
				INFOPLIST_FILE = SnakepitTests/Info.plist;
				LD_RUNPATH_SEARCH_PATHS = "$(inherited) @executable_path/Frameworks @loader_path/Frameworks";
				PRODUCT_BUNDLE_IDENTIFIER = com.x52.SlashTests;
				PRODUCT_NAME = "$(TARGET_NAME)";
				SWIFT_VERSION = 5.0;
				TARGETED_DEVICE_FAMILY = "1,2";
			};
			name = Debug;
		};
		A068FC6D2032B6910028219F /* Release */ = {
			isa = XCBuildConfiguration;
			buildSettings = {
				ALWAYS_EMBED_SWIFT_STANDARD_LIBRARIES = YES;
				CODE_SIGN_STYLE = Automatic;
				DEVELOPMENT_TEAM = 5Z63N39FV7;
				INFOPLIST_FILE = SnakepitTests/Info.plist;
				LD_RUNPATH_SEARCH_PATHS = "$(inherited) @executable_path/Frameworks @loader_path/Frameworks";
				PRODUCT_BUNDLE_IDENTIFIER = com.x52.SlashTests;
				PRODUCT_NAME = "$(TARGET_NAME)";
				SWIFT_VERSION = 5.0;
				TARGETED_DEVICE_FAMILY = "1,2";
			};
			name = Release;
		};
/* End XCBuildConfiguration section */

/* Begin XCConfigurationList section */
		A068FC4E2032B6900028219F /* Build configuration list for PBXProject "Snakepit" */ = {
			isa = XCConfigurationList;
			buildConfigurations = (
				A068FC662032B6900028219F /* Debug */,
				A068FC672032B6900028219F /* Release */,
			);
			defaultConfigurationIsVisible = 0;
			defaultConfigurationName = Release;
		};
		A068FC682032B6910028219F /* Build configuration list for PBXNativeTarget "Snakepit" */ = {
			isa = XCConfigurationList;
			buildConfigurations = (
				A068FC692032B6910028219F /* Debug */,
				A068FC6A2032B6910028219F /* Release */,
			);
			defaultConfigurationIsVisible = 0;
			defaultConfigurationName = Release;
		};
		A068FC6B2032B6910028219F /* Build configuration list for PBXNativeTarget "SnakepitTests" */ = {
			isa = XCConfigurationList;
			buildConfigurations = (
				A068FC6C2032B6910028219F /* Debug */,
				A068FC6D2032B6910028219F /* Release */,
			);
			defaultConfigurationIsVisible = 0;
			defaultConfigurationName = Release;
		};
/* End XCConfigurationList section */
	};
	rootObject = A068FC4B2032B6900028219F /* Project object */;
}
